
Microsoft Visual Studio Solution File, Format Version 12.00
# Visual Studio Version 17
VisualStudioVersion = 17.4.33205.214
MinimumVisualStudioVersion = 10.0.40219.1
Project("{FAE04EC0-301F-11D3-BF4B-00C04F79EFBC}") = "Task4", "Task4.csproj", "{686B5AD2-51D8-494C-A45C-F390F79503BE}"
EndProject
Global
	GlobalSection(SolutionConfigurationPlatforms) = preSolution
		Debug|Any CPU = Debug|Any CPU
		Release|Any CPU = Release|Any CPU
	EndGlobalSection
	GlobalSection(ProjectConfigurationPlatforms) = postSolution
		{686B5AD2-51D8-494C-A45C-F390F79503BE}.Debug|Any CPU.ActiveCfg = Debug|Any CPU
		{686B5AD2-51D8-494C-A45C-F390F79503BE}.Debug|Any CPU.Build.0 = Debug|Any CPU
		{686B5AD2-51D8-494C-A45C-F390F79503BE}.Release|Any CPU.ActiveCfg = Release|Any CPU
		{686B5AD2-51D8-494C-A45C-F390F79503BE}.Release|Any CPU.Build.0 = Release|Any CPU
	EndGlobalSection
	GlobalSection(SolutionProperties) = preSolution
		HideSolutionNode = FALSE
	EndGlobalSection
	GlobalSection(ExtensibilityGlobals) = postSolution
		SolutionGuid = {F1F71021-6CA0-4E88-90E3-A2B77B55EAEE}
	EndGlobalSection
EndGlobal
